
Microsoft Visual Studio Solution File, Format Version 12.00
Project("{FAE04EC0-301F-11D3-BF4B-00C04F79EFBC}") = "EASV-D20s-SDM-XP-Calculater", "EASV-D20s-SDM-XP-Calculater\EASV-D20s-SDM-XP-Calculater.csproj", "{A2D9FCD4-CBFD-4CE1-B995-2775B020CAFA}"
EndProject
Project("{FAE04EC0-301F-11D3-BF4B-00C04F79EFBC}") = "UnitTestProject", "UnitTestProject\UnitTestProject.csproj", "{A44CCEA3-9511-4FBA-AD21-EDE0B55EAF10}"
EndProject
Global
	GlobalSection(SolutionConfigurationPlatforms) = preSolution
		Debug|Any CPU = Debug|Any CPU
		Release|Any CPU = Release|Any CPU
	EndGlobalSection
	GlobalSection(ProjectConfigurationPlatforms) = postSolution
		{A2D9FCD4-CBFD-4CE1-B995-2775B020CAFA}.Debug|Any CPU.ActiveCfg = Debug|Any CPU
		{A2D9FCD4-CBFD-4CE1-B995-2775B020CAFA}.Debug|Any CPU.Build.0 = Debug|Any CPU
		{A2D9FCD4-CBFD-4CE1-B995-2775B020CAFA}.Release|Any CPU.ActiveCfg = Release|Any CPU
		{A2D9FCD4-CBFD-4CE1-B995-2775B020CAFA}.Release|Any CPU.Build.0 = Release|Any CPU
		{A44CCEA3-9511-4FBA-AD21-EDE0B55EAF10}.Debug|Any CPU.ActiveCfg = Debug|Any CPU
		{A44CCEA3-9511-4FBA-AD21-EDE0B55EAF10}.Debug|Any CPU.Build.0 = Debug|Any CPU
		{A44CCEA3-9511-4FBA-AD21-EDE0B55EAF10}.Release|Any CPU.ActiveCfg = Release|Any CPU
		{A44CCEA3-9511-4FBA-AD21-EDE0B55EAF10}.Release|Any CPU.Build.0 = Release|Any CPU
	EndGlobalSection
EndGlobal
